# THIS IS AN AUTOGENERATED FILE. DO NOT EDIT THIS FILE DIRECTLY.
# yarn lockfile v1


"@types/node@^17.0.23":
  version "17.0.23"
  resolved "https://registry.npmmirror.com/@types/node/-/node-17.0.23.tgz#3b41a6e643589ac6442bdbd7a4a3ded62f33f7da"
  integrity sha512-UxDxWn7dl97rKVeVS61vErvw086aCYhDLyvRQZ5Rk65rZKepaFdm53GeqXaKBuOhED4e9uWq34IC3TdSdJJ2Gw==

ip@^1.1.5:
  version "1.1.5"
  resolved "https://registry.npmmirror.com/ip/-/ip-1.1.5.tgz#bdded70114290828c0a039e72ef25f5aaec4354a"
  integrity sha512-rBtCAQAJm8A110nbwn6YdveUnuZH3WrC36IwkRXxDnq53JvXA2NVQvB7IHyKomxK1MJ4VDNw3UtFDdXQ+AvLYA==

smart-buffer@^4.2.0:
  version "4.2.0"
  resolved "https://registry.npmmirror.com/smart-buffer/-/smart-buffer-4.2.0.tgz#6e1d71fa4f18c05f7d0ff216dd16a481d0e8d9ae"
  integrity sha512-94hK0Hh8rPqQl2xXc3HsaBoOXKV20MToPkcXvwbISWLEs+64sBq5kFgn2kJDHb1Pry9yrP0dxrCI9RRci7RXKg==

socks@^2.6.2:
  version "2.6.2"
  resolved "https://registry.npmmirror.com/socks/-/socks-2.6.2.tgz#ec042d7960073d40d94268ff3bb727dc685f111a"
  integrity sha512-zDZhHhZRY9PxRruRMR7kMhnf3I8hDs4S3f9RecfnGxvcBHQcKcIH/oUcEWffsfl1XxdYlA7nnlGbbTvPz9D8gA==
  dependencies:
    ip "^1.1.5"
    smart-buffer "^4.2.0"
